
Microsoft Visual Studio Solution File, Format Version 12.00
# Visual Studio 15
VisualStudioVersion = 15.0.26430.13
MinimumVisualStudioVersion = 10.0.40219.1
Project("{FAE04EC0-301F-11D3-BF4B-00C04F79EFBC}") = "Flight-Simulator", "Flight-Simulator\Flight-Simulator.csproj", "{AFEFE0C6-6292-4BEF-952C-D5CDBC2BB52A}"
EndProject
Global
	GlobalSection(SolutionConfigurationPlatforms) = preSolution
		Debug|Any CPU = Debug|Any CPU
		Release|Any CPU = Release|Any CPU
	EndGlobalSection
	GlobalSection(ProjectConfigurationPlatforms) = postSolution
		{AFEFE0C6-6292-4BEF-952C-D5CDBC2BB52A}.Debug|Any CPU.ActiveCfg = Debug|Any CPU
		{AFEFE0C6-6292-4BEF-952C-D5CDBC2BB52A}.Debug|Any CPU.Build.0 = Debug|Any CPU
		{AFEFE0C6-6292-4BEF-952C-D5CDBC2BB52A}.Release|Any CPU.ActiveCfg = Release|Any CPU
		{AFEFE0C6-6292-4BEF-952C-D5CDBC2BB52A}.Release|Any CPU.Build.0 = Release|Any CPU
	EndGlobalSection
	GlobalSection(SolutionProperties) = preSolution
		HideSolutionNode = FALSE
	EndGlobalSection
EndGlobal
